// !$*UTF8*$!
{
	archiveVersion = 1;
	classes = {
	};
	objectVersion = 50;
	objects = {

/* Begin PBXBuildFile section */
		DE3BEE9E20E4FE4F002A25FC /* AppDelegate.swift in Sources */ = {isa = PBXBuildFile; fileRef = DE3BEE9D20E4FE4F002A25FC /* AppDelegate.swift */; };
		DE3BEEA020E4FE4F002A25FC /* ViewController.swift in Sources */ = {isa = PBXBuildFile; fileRef = DE3BEE9F20E4FE4F002A25FC /* ViewController.swift */; };
		DE3BEEA320E4FE4F002A25FC /* Main.storyboard in Resources */ = {isa = PBXBuildFile; fileRef = DE3BEEA120E4FE4F002A25FC /* Main.storyboard */; };
		DE3BEEA520E4FE55002A25FC /* Assets.xcassets in Resources */ = {isa = PBXBuildFile; fileRef = DE3BEEA420E4FE55002A25FC /* Assets.xcassets */; };
		DE3BEEA820E4FE55002A25FC /* LaunchScreen.storyboard in Resources */ = {isa = PBXBuildFile; fileRef = DE3BEEA620E4FE55002A25FC /* LaunchScreen.storyboard */; };
		DE3BEEB320E4FE55002A25FC /* ReactorKitSampleSwiftTests.swift in Sources */ = {isa = PBXBuildFile; fileRef = DE3BEEB220E4FE55002A25FC /* ReactorKitSampleSwiftTests.swift */; };
		DE3BEEBE20E4FE55002A25FC /* ReactorKitSampleSwiftUITests.swift in Sources */ = {isa = PBXBuildFile; fileRef = DE3BEEBD20E4FE55002A25FC /* ReactorKitSampleSwiftUITests.swift */; };
/* End PBXBuildFile section */

/* Begin PBXContainerItemProxy section */
		DE3BEEAF20E4FE55002A25FC /* PBXContainerItemProxy */ = {
			isa = PBXContainerItemProxy;
			containerPortal = DE3BEE9220E4FE4F002A25FC /* Project object */;
			proxyType = 1;
			remoteGlobalIDString = DE3BEE9920E4FE4F002A25FC;
			remoteInfo = ReactorKitSampleSwift;
		};
		DE3BEEBA20E4FE55002A25FC /* PBXContainerItemProxy */ = {
			isa = PBXContainerItemProxy;
			containerPortal = DE3BEE9220E4FE4F002A25FC /* Project object */;
			proxyType = 1;
			remoteGlobalIDString = DE3BEE9920E4FE4F002A25FC;
			remoteInfo = ReactorKitSampleSwift;
		};
/* End PBXContainerItemProxy section */

/* Begin PBXFileReference section */
		DE3BEE9A20E4FE4F002A25FC /* ReactorKitSampleSwift.app */ = {isa = PBXFileReference; explicitFileType = wrapper.application; includeInIndex = 0; path = ReactorKitSampleSwift.app; sourceTree = BUILT_PRODUCTS_DIR; };
		DE3BEE9D20E4FE4F002A25FC /* AppDelegate.swift */ = {isa = PBXFileReference; lastKnownFileType = sourcecode.swift; path = AppDelegate.swift; sourceTree = "<group>"; };
		DE3BEE9F20E4FE4F002A25FC /* ViewController.swift */ = {isa = PBXFileReference; lastKnownFileType = sourcecode.swift; path = ViewController.swift; sourceTree = "<group>"; };
		DE3BEEA220E4FE4F002A25FC /* Base */ = {isa = PBXFileReference; lastKnownFileType = file.storyboard; name = Base; path = Base.lproj/Main.storyboard; sourceTree = "<group>"; };
		DE3BEEA420E4FE55002A25FC /* Assets.xcassets */ = {isa = PBXFileReference; lastKnownFileType = folder.assetcatalog; path = Assets.xcassets; sourceTree = "<group>"; };
		DE3BEEA720E4FE55002A25FC /* Base */ = {isa = PBXFileReference; lastKnownFileType = file.storyboard; name = Base; path = Base.lproj/LaunchScreen.storyboard; sourceTree = "<group>"; };
		DE3BEEA920E4FE55002A25FC /* Info.plist */ = {isa = PBXFileReference; lastKnownFileType = text.plist.xml; path = Info.plist; sourceTree = "<group>"; };
		DE3BEEAE20E4FE55002A25FC /* ReactorKitSampleSwiftTests.xctest */ = {isa = PBXFileReference; explicitFileType = wrapper.cfbundle; includeInIndex = 0; path = ReactorKitSampleSwiftTests.xctest; sourceTree = BUILT_PRODUCTS_DIR; };
		DE3BEEB220E4FE55002A25FC /* ReactorKitSampleSwiftTests.swift */ = {isa = PBXFileReference; lastKnownFileType = sourcecode.swift; path = ReactorKitSampleSwiftTests.swift; sourceTree = "<group>"; };
		DE3BEEB420E4FE55002A25FC /* Info.plist */ = {isa = PBXFileReference; lastKnownFileType = text.plist.xml; path = Info.plist; sourceTree = "<group>"; };
		DE3BEEB920E4FE55002A25FC /* ReactorKitSampleSwiftUITests.xctest */ = {isa = PBXFileReference; explicitFileType = wrapper.cfbundle; includeInIndex = 0; path = ReactorKitSampleSwiftUITests.xctest; sourceTree = BUILT_PRODUCTS_DIR; };
		DE3BEEBD20E4FE55002A25FC /* ReactorKitSampleSwiftUITests.swift */ = {isa = PBXFileReference; lastKnownFileType = sourcecode.swift; path = ReactorKitSampleSwiftUITests.swift; sourceTree = "<group>"; };
		DE3BEEBF20E4FE55002A25FC /* Info.plist */ = {isa = PBXFileReference; lastKnownFileType = text.plist.xml; path = Info.plist; sourceTree = "<group>"; };
/* End PBXFileReference section */

/* Begin PBXFrameworksBuildPhase section */
		DE3BEE9720E4FE4F002A25FC /* Frameworks */ = {
			isa = PBXFrameworksBuildPhase;
			buildActionMask = 2147483647;
			files = (
			);
			runOnlyForDeploymentPostprocessing = 0;
		};
		DE3BEEAB20E4FE55002A25FC /* Frameworks */ = {
			isa = PBXFrameworksBuildPhase;
			buildActionMask = 2147483647;
			files = (
			);
			runOnlyForDeploymentPostprocessing = 0;
		};
		DE3BEEB620E4FE55002A25FC /* Frameworks */ = {
			isa = PBXFrameworksBuildPhase;
			buildActionMask = 2147483647;
			files = (
			);
			runOnlyForDeploymentPostprocessing = 0;
		};
/* End PBXFrameworksBuildPhase section */

/* Begin PBXGroup section */
		DE3BEE9120E4FE4F002A25FC = {
			isa = PBXGroup;
			children = (
				DE3BEE9C20E4FE4F002A25FC /* ReactorKitSampleSwift */,
				DE3BEEB120E4FE55002A25FC /* ReactorKitSampleSwiftTests */,
				DE3BEEBC20E4FE55002A25FC /* ReactorKitSampleSwiftUITests */,
				DE3BEE9B20E4FE4F002A25FC /* Products */,
			);
			sourceTree = "<group>";
		};
		DE3BEE9B20E4FE4F002A25FC /* Products */ = {
			isa = PBXGroup;
			children = (
				DE3BEE9A20E4FE4F002A25FC /* ReactorKitSampleSwift.app */,
				DE3BEEAE20E4FE55002A25FC /* ReactorKitSampleSwiftTests.xctest */,
				DE3BEEB920E4FE55002A25FC /* ReactorKitSampleSwiftUITests.xctest */,
			);
			name = Products;
			sourceTree = "<group>";
		};
		DE3BEE9C20E4FE4F002A25FC /* ReactorKitSampleSwift */ = {
			isa = PBXGroup;
			children = (
				DE3BEE9D20E4FE4F002A25FC /* AppDelegate.swift */,
				DE3BEE9F20E4FE4F002A25FC /* ViewController.swift */,
				DE3BEEA120E4FE4F002A25FC /* Main.storyboard */,
				DE3BEEA420E4FE55002A25FC /* Assets.xcassets */,
				DE3BEEA620E4FE55002A25FC /* LaunchScreen.storyboard */,
				DE3BEEA920E4FE55002A25FC /* Info.plist */,
			);
			path = ReactorKitSampleSwift;
			sourceTree = "<group>";
		};
		DE3BEEB120E4FE55002A25FC /* ReactorKitSampleSwiftTests */ = {
			isa = PBXGroup;
			children = (
				DE3BEEB220E4FE55002A25FC /* ReactorKitSampleSwiftTests.swift */,
				DE3BEEB420E4FE55002A25FC /* Info.plist */,
			);
			path = ReactorKitSampleSwiftTests;
			sourceTree = "<group>";
		};
		DE3BEEBC20E4FE55002A25FC /* ReactorKitSampleSwiftUITests */ = {
			isa = PBXGroup;
			children = (
				DE3BEEBD20E4FE55002A25FC /* ReactorKitSampleSwiftUITests.swift */,
				DE3BEEBF20E4FE55002A25FC /* Info.plist */,
			);
			path = ReactorKitSampleSwiftUITests;
			sourceTree = "<group>";
		};
/* End PBXGroup section */

/* Begin PBXNativeTarget section */
		DE3BEE9920E4FE4F002A25FC /* ReactorKitSampleSwift */ = {
			isa = PBXNativeTarget;
			buildConfigurationList = DE3BEEC220E4FE55002A25FC /* Build configuration list for PBXNativeTarget "ReactorKitSampleSwift" */;
			buildPhases = (
				DE3BEE9620E4FE4F002A25FC /* Sources */,
				DE3BEE9720E4FE4F002A25FC /* Frameworks */,
				DE3BEE9820E4FE4F002A25FC /* Resources */,
			);
			buildRules = (
			);
			dependencies = (
			);
			name = ReactorKitSampleSwift;
			productName = ReactorKitSampleSwift;
			productReference = DE3BEE9A20E4FE4F002A25FC /* ReactorKitSampleSwift.app */;
			productType = "com.apple.product-type.application";
		};
		DE3BEEAD20E4FE55002A25FC /* ReactorKitSampleSwiftTests */ = {
			isa = PBXNativeTarget;
			buildConfigurationList = DE3BEEC520E4FE55002A25FC /* Build configuration list for PBXNativeTarget "ReactorKitSampleSwiftTests" */;
			buildPhases = (
				DE3BEEAA20E4FE55002A25FC /* Sources */,
				DE3BEEAB20E4FE55002A25FC /* Frameworks */,
				DE3BEEAC20E4FE55002A25FC /* Resources */,
			);
			buildRules = (
			);
			dependencies = (
				DE3BEEB020E4FE55002A25FC /* PBXTargetDependency */,
			);
			name = ReactorKitSampleSwiftTests;
			productName = ReactorKitSampleSwiftTests;
			productReference = DE3BEEAE20E4FE55002A25FC /* ReactorKitSampleSwiftTests.xctest */;
			productType = "com.apple.product-type.bundle.unit-test";
		};
		DE3BEEB820E4FE55002A25FC /* ReactorKitSampleSwiftUITests */ = {
			isa = PBXNativeTarget;
			buildConfigurationList = DE3BEEC820E4FE55002A25FC /* Build configuration list for PBXNativeTarget "ReactorKitSampleSwiftUITests" */;
			buildPhases = (
				DE3BEEB520E4FE55002A25FC /* Sources */,
				DE3BEEB620E4FE55002A25FC /* Frameworks */,
				DE3BEEB720E4FE55002A25FC /* Resources */,
			);
			buildRules = (
			);
			dependencies = (
				DE3BEEBB20E4FE55002A25FC /* PBXTargetDependency */,
			);
			name = ReactorKitSampleSwiftUITests;
			productName = ReactorKitSampleSwiftUITests;
			productReference = DE3BEEB920E4FE55002A25FC /* ReactorKitSampleSwiftUITests.xctest */;
			productType = "com.apple.product-type.bundle.ui-testing";
		};
/* End PBXNativeTarget section */

/* Begin PBXProject section */
		DE3BEE9220E4FE4F002A25FC /* Project object */ = {
			isa = PBXProject;
			attributes = {
				LastSwiftUpdateCheck = 0940;
				LastUpgradeCheck = 0940;
				ORGANIZATIONNAME = "酒井文也";
				TargetAttributes = {
					DE3BEE9920E4FE4F002A25FC = {
						CreatedOnToolsVersion = 9.4.1;
					};
					DE3BEEAD20E4FE55002A25FC = {
						CreatedOnToolsVersion = 9.4.1;
						TestTargetID = DE3BEE9920E4FE4F002A25FC;
					};
					DE3BEEB820E4FE55002A25FC = {
						CreatedOnToolsVersion = 9.4.1;
						TestTargetID = DE3BEE9920E4FE4F002A25FC;
					};
				};
			};
			buildConfigurationList = DE3BEE9520E4FE4F002A25FC /* Build configuration list for PBXProject "ReactorKitSampleSwift" */;
			compatibilityVersion = "Xcode 9.3";
			developmentRegion = en;
			hasScannedForEncodings = 0;
			knownRegions = (
				en,
				Base,
			);
			mainGroup = DE3BEE9120E4FE4F002A25FC;
			productRefGroup = DE3BEE9B20E4FE4F002A25FC /* Products */;
			projectDirPath = "";
			projectRoot = "";
			targets = (
				DE3BEE9920E4FE4F002A25FC /* ReactorKitSampleSwift */,
				DE3BEEAD20E4FE55002A25FC /* ReactorKitSampleSwiftTests */,
				DE3BEEB820E4FE55002A25FC /* ReactorKitSampleSwiftUITests */,
			);
		};
/* End PBXProject section */

/* Begin PBXResourcesBuildPhase section */
		DE3BEE9820E4FE4F002A25FC /* Resources */ = {
			isa = PBXResourcesBuildPhase;
			buildActionMask = 2147483647;
			files = (
				DE3BEEA820E4FE55002A25FC /* LaunchScreen.storyboard in Resources */,
				DE3BEEA520E4FE55002A25FC /* Assets.xcassets in Resources */,
				DE3BEEA320E4FE4F002A25FC /* Main.storyboard in Resources */,
			);
			runOnlyForDeploymentPostprocessing = 0;
		};
		DE3BEEAC20E4FE55002A25FC /* Resources */ = {
			isa = PBXResourcesBuildPhase;
			buildActionMask = 2147483647;
			files = (
			);
			runOnlyForDeploymentPostprocessing = 0;
		};
		DE3BEEB720E4FE55002A25FC /* Resources */ = {
			isa = PBXResourcesBuildPhase;
			buildActionMask = 2147483647;
			files = (
			);
			runOnlyForDeploymentPostprocessing = 0;
		};
/* End PBXResourcesBuildPhase section */

/* Begin PBXSourcesBuildPhase section */
		DE3BEE9620E4FE4F002A25FC /* Sources */ = {
			isa = PBXSourcesBuildPhase;
			buildActionMask = 2147483647;
			files = (
				DE3BEEA020E4FE4F002A25FC /* ViewController.swift in Sources */,
				DE3BEE9E20E4FE4F002A25FC /* AppDelegate.swift in Sources */,
			);
			runOnlyForDeploymentPostprocessing = 0;
		};
		DE3BEEAA20E4FE55002A25FC /* Sources */ = {
			isa = PBXSourcesBuildPhase;
			buildActionMask = 2147483647;
			files = (
				DE3BEEB320E4FE55002A25FC /* ReactorKitSampleSwiftTests.swift in Sources */,
			);
			runOnlyForDeploymentPostprocessing = 0;
		};
		DE3BEEB520E4FE55002A25FC /* Sources */ = {
			isa = PBXSourcesBuildPhase;
			buildActionMask = 2147483647;
			files = (
				DE3BEEBE20E4FE55002A25FC /* ReactorKitSampleSwiftUITests.swift in Sources */,
			);
			runOnlyForDeploymentPostprocessing = 0;
		};
/* End PBXSourcesBuildPhase section */

/* Begin PBXTargetDependency section */
		DE3BEEB020E4FE55002A25FC /* PBXTargetDependency */ = {
			isa = PBXTargetDependency;
			target = DE3BEE9920E4FE4F002A25FC /* ReactorKitSampleSwift */;
			targetProxy = DE3BEEAF20E4FE55002A25FC /* PBXContainerItemProxy */;
		};
		DE3BEEBB20E4FE55002A25FC /* PBXTargetDependency */ = {
			isa = PBXTargetDependency;
			target = DE3BEE9920E4FE4F002A25FC /* ReactorKitSampleSwift */;
			targetProxy = DE3BEEBA20E4FE55002A25FC /* PBXContainerItemProxy */;
		};
/* End PBXTargetDependency section */

/* Begin PBXVariantGroup section */
		DE3BEEA120E4FE4F002A25FC /* Main.storyboard */ = {
			isa = PBXVariantGroup;
			children = (
				DE3BEEA220E4FE4F002A25FC /* Base */,
			);
			name = Main.storyboard;
			sourceTree = "<group>";
		};
		DE3BEEA620E4FE55002A25FC /* LaunchScreen.storyboard */ = {
			isa = PBXVariantGroup;
			children = (
				DE3BEEA720E4FE55002A25FC /* Base */,
			);
			name = LaunchScreen.storyboard;
			sourceTree = "<group>";
		};
/* End PBXVariantGroup section */

/* Begin XCBuildConfiguration section */
		DE3BEEC020E4FE55002A25FC /* Debug */ = {
			isa = XCBuildConfiguration;
			buildSettings = {
				ALWAYS_SEARCH_USER_PATHS = NO;
				CLANG_ANALYZER_NONNULL = YES;
				CLANG_ANALYZER_NUMBER_OBJECT_CONVERSION = YES_AGGRESSIVE;
				CLANG_CXX_LANGUAGE_STANDARD = "gnu++14";
				CLANG_CXX_LIBRARY = "libc++";
				CLANG_ENABLE_MODULES = YES;
				CLANG_ENABLE_OBJC_ARC = YES;
				CLANG_ENABLE_OBJC_WEAK = YES;
				CLANG_WARN_BLOCK_CAPTURE_AUTORELEASING = YES;
				CLANG_WARN_BOOL_CONVERSION = YES;
				CLANG_WARN_COMMA = YES;
				CLANG_WARN_CONSTANT_CONVERSION = YES;
				CLANG_WARN_DEPRECATED_OBJC_IMPLEMENTATIONS = YES;
				CLANG_WARN_DIRECT_OBJC_ISA_USAGE = YES_ERROR;
				CLANG_WARN_DOCUMENTATION_COMMENTS = YES;
				CLANG_WARN_EMPTY_BODY = YES;
				CLANG_WARN_ENUM_CONVERSION = YES;
				CLANG_WARN_INFINITE_RECURSION = YES;
				CLANG_WARN_INT_CONVERSION = YES;
				CLANG_WARN_NON_LITERAL_NULL_CONVERSION = YES;
				CLANG_WARN_OBJC_IMPLICIT_RETAIN_SELF = YES;
				CLANG_WARN_OBJC_LITERAL_CONVERSION = YES;
				CLANG_WARN_OBJC_ROOT_CLASS = YES_ERROR;
				CLANG_WARN_RANGE_LOOP_ANALYSIS = YES;
				CLANG_WARN_STRICT_PROTOTYPES = YES;
				CLANG_WARN_SUSPICIOUS_MOVE = YES;
				CLANG_WARN_UNGUARDED_AVAILABILITY = YES_AGGRESSIVE;
				CLANG_WARN_UNREACHABLE_CODE = YES;
				CLANG_WARN__DUPLICATE_METHOD_MATCH = YES;
				CODE_SIGN_IDENTITY = "iPhone Developer";
				COPY_PHASE_STRIP = NO;
				DEBUG_INFORMATION_FORMAT = dwarf;
				ENABLE_STRICT_OBJC_MSGSEND = YES;
				ENABLE_TESTABILITY = YES;
				GCC_C_LANGUAGE_STANDARD = gnu11;
				GCC_DYNAMIC_NO_PIC = NO;
				GCC_NO_COMMON_BLOCKS = YES;
				GCC_OPTIMIZATION_LEVEL = 0;
				GCC_PREPROCESSOR_DEFINITIONS = (
					"DEBUG=1",
					"$(inherited)",
				);
				GCC_WARN_64_TO_32_BIT_CONVERSION = YES;
				GCC_WARN_ABOUT_RETURN_TYPE = YES_ERROR;
				GCC_WARN_UNDECLARED_SELECTOR = YES;
				GCC_WARN_UNINITIALIZED_AUTOS = YES_AGGRESSIVE;
				GCC_WARN_UNUSED_FUNCTION = YES;
				GCC_WARN_UNUSED_VARIABLE = YES;
				IPHONEOS_DEPLOYMENT_TARGET = 11.4;
				MTL_ENABLE_DEBUG_INFO = YES;
				ONLY_ACTIVE_ARCH = YES;
				SDKROOT = iphoneos;
				SWIFT_ACTIVE_COMPILATION_CONDITIONS = DEBUG;
				SWIFT_OPTIMIZATION_LEVEL = "-Onone";
			};
			name = Debug;
		};
		DE3BEEC120E4FE55002A25FC /* Release */ = {
			isa = XCBuildConfiguration;
			buildSettings = {
				ALWAYS_SEARCH_USER_PATHS = NO;
				CLANG_ANALYZER_NONNULL = YES;
				CLANG_ANALYZER_NUMBER_OBJECT_CONVERSION = YES_AGGRESSIVE;
				CLANG_CXX_LANGUAGE_STANDARD = "gnu++14";
				CLANG_CXX_LIBRARY = "libc++";
				CLANG_ENABLE_MODULES = YES;
				CLANG_ENABLE_OBJC_ARC = YES;
				CLANG_ENABLE_OBJC_WEAK = YES;
				CLANG_WARN_BLOCK_CAPTURE_AUTORELEASING = YES;
				CLANG_WARN_BOOL_CONVERSION = YES;
				CLANG_WARN_COMMA = YES;
				CLANG_WARN_CONSTANT_CONVERSION = YES;
				CLANG_WARN_DEPRECATED_OBJC_IMPLEMENTATIONS = YES;
				CLANG_WARN_DIRECT_OBJC_ISA_USAGE = YES_ERROR;
				CLANG_WARN_DOCUMENTATION_COMMENTS = YES;
				CLANG_WARN_EMPTY_BODY = YES;
				CLANG_WARN_ENUM_CONVERSION = YES;
				CLANG_WARN_INFINITE_RECURSION = YES;
				CLANG_WARN_INT_CONVERSION = YES;
				CLANG_WARN_NON_LITERAL_NULL_CONVERSION = YES;
				CLANG_WARN_OBJC_IMPLICIT_RETAIN_SELF = YES;
				CLANG_WARN_OBJC_LITERAL_CONVERSION = YES;
				CLANG_WARN_OBJC_ROOT_CLASS = YES_ERROR;
				CLANG_WARN_RANGE_LOOP_ANALYSIS = YES;
				CLANG_WARN_STRICT_PROTOTYPES = YES;
				CLANG_WARN_SUSPICIOUS_MOVE = YES;
				CLANG_WARN_UNGUARDED_AVAILABILITY = YES_AGGRESSIVE;
				CLANG_WARN_UNREACHABLE_CODE = YES;
				CLANG_WARN__DUPLICATE_METHOD_MATCH = YES;
				CODE_SIGN_IDENTITY = "iPhone Developer";
				COPY_PHASE_STRIP = NO;
				DEBUG_INFORMATION_FORMAT = "dwarf-with-dsym";
				ENABLE_NS_ASSERTIONS = NO;
				ENABLE_STRICT_OBJC_MSGSEND = YES;
				GCC_C_LANGUAGE_STANDARD = gnu11;
				GCC_NO_COMMON_BLOCKS = YES;
				GCC_WARN_64_TO_32_BIT_CONVERSION = YES;
				GCC_WARN_ABOUT_RETURN_TYPE = YES_ERROR;
				GCC_WARN_UNDECLARED_SELECTOR = YES;
				GCC_WARN_UNINITIALIZED_AUTOS = YES_AGGRESSIVE;
				GCC_WARN_UNUSED_FUNCTION = YES;
				GCC_WARN_UNUSED_VARIABLE = YES;
				IPHONEOS_DEPLOYMENT_TARGET = 11.4;
				MTL_ENABLE_DEBUG_INFO = NO;
				SDKROOT = iphoneos;
				SWIFT_COMPILATION_MODE = wholemodule;
				SWIFT_OPTIMIZATION_LEVEL = "-O";
				VALIDATE_PRODUCT = YES;
			};
			name = Release;
		};
		DE3BEEC320E4FE55002A25FC /* Debug */ = {
			isa = XCBuildConfiguration;
			buildSettings = {
				ASSETCATALOG_COMPILER_APPICON_NAME = AppIcon;
				CODE_SIGN_STYLE = Automatic;
				DEVELOPMENT_TEAM = S5BF5553KY;
				INFOPLIST_FILE = ReactorKitSampleSwift/Info.plist;
				LD_RUNPATH_SEARCH_PATHS = (
					"$(inherited)",
					"@executable_path/Frameworks",
				);
				PRODUCT_BUNDLE_IDENTIFIER = com.just1factory.ReactorKitSampleSwift;
				PRODUCT_NAME = "$(TARGET_NAME)";
				SWIFT_VERSION = 4.0;
				TARGETED_DEVICE_FAMILY = "1,2";
			};
			name = Debug;
		};
		DE3BEEC420E4FE55002A25FC /* Release */ = {
			isa = XCBuildConfiguration;
			buildSettings = {
				ASSETCATALOG_COMPILER_APPICON_NAME = AppIcon;
				CODE_SIGN_STYLE = Automatic;
				DEVELOPMENT_TEAM = S5BF5553KY;
				INFOPLIST_FILE = ReactorKitSampleSwift/Info.plist;
				LD_RUNPATH_SEARCH_PATHS = (
					"$(inherited)",
					"@executable_path/Frameworks",
				);
				PRODUCT_BUNDLE_IDENTIFIER = com.just1factory.ReactorKitSampleSwift;
				PRODUCT_NAME = "$(TARGET_NAME)";
				SWIFT_VERSION = 4.0;
				TARGETED_DEVICE_FAMILY = "1,2";
			};
			name = Release;
		};
		DE3BEEC620E4FE55002A25FC /* Debug */ = {
			isa = XCBuildConfiguration;
			buildSettings = {
				ALWAYS_EMBED_SWIFT_STANDARD_LIBRARIES = YES;
				BUNDLE_LOADER = "$(TEST_HOST)";
				CODE_SIGN_STYLE = Automatic;
				DEVELOPMENT_TEAM = S5BF5553KY;
				INFOPLIST_FILE = ReactorKitSampleSwiftTests/Info.plist;
				LD_RUNPATH_SEARCH_PATHS = (
					"$(inherited)",
					"@executable_path/Frameworks",
					"@loader_path/Frameworks",
				);
				PRODUCT_BUNDLE_IDENTIFIER = com.just1factory.ReactorKitSampleSwiftTests;
				PRODUCT_NAME = "$(TARGET_NAME)";
				SWIFT_VERSION = 4.0;
				TARGETED_DEVICE_FAMILY = "1,2";
				TEST_HOST = "$(BUILT_PRODUCTS_DIR)/ReactorKitSampleSwift.app/ReactorKitSampleSwift";
			};
			name = Debug;
		};
		DE3BEEC720E4FE55002A25FC /* Release */ = {
			isa = XCBuildConfiguration;
			buildSettings = {
				ALWAYS_EMBED_SWIFT_STANDARD_LIBRARIES = YES;
				BUNDLE_LOADER = "$(TEST_HOST)";
				CODE_SIGN_STYLE = Automatic;
				DEVELOPMENT_TEAM = S5BF5553KY;
				INFOPLIST_FILE = ReactorKitSampleSwiftTests/Info.plist;
				LD_RUNPATH_SEARCH_PATHS = (
					"$(inherited)",
					"@executable_path/Frameworks",
					"@loader_path/Frameworks",
				);
				PRODUCT_BUNDLE_IDENTIFIER = com.just1factory.ReactorKitSampleSwiftTests;
				PRODUCT_NAME = "$(TARGET_NAME)";
				SWIFT_VERSION = 4.0;
				TARGETED_DEVICE_FAMILY = "1,2";
				TEST_HOST = "$(BUILT_PRODUCTS_DIR)/ReactorKitSampleSwift.app/ReactorKitSampleSwift";
			};
			name = Release;
		};
		DE3BEEC920E4FE55002A25FC /* Debug */ = {
			isa = XCBuildConfiguration;
			buildSettings = {
				ALWAYS_EMBED_SWIFT_STANDARD_LIBRARIES = YES;
				CODE_SIGN_STYLE = Automatic;
				DEVELOPMENT_TEAM = S5BF5553KY;
				INFOPLIST_FILE = ReactorKitSampleSwiftUITests/Info.plist;
				LD_RUNPATH_SEARCH_PATHS = (
					"$(inherited)",
					"@executable_path/Frameworks",
					"@loader_path/Frameworks",
				);
				PRODUCT_BUNDLE_IDENTIFIER = com.just1factory.ReactorKitSampleSwiftUITests;
				PRODUCT_NAME = "$(TARGET_NAME)";
				SWIFT_VERSION = 4.0;
				TARGETED_DEVICE_FAMILY = "1,2";
				TEST_TARGET_NAME = ReactorKitSampleSwift;
			};
			name = Debug;
		};
		DE3BEECA20E4FE55002A25FC /* Release */ = {
			isa = XCBuildConfiguration;
			buildSettings = {
				ALWAYS_EMBED_SWIFT_STANDARD_LIBRARIES = YES;
				CODE_SIGN_STYLE = Automatic;
				DEVELOPMENT_TEAM = S5BF5553KY;
				INFOPLIST_FILE = ReactorKitSampleSwiftUITests/Info.plist;
				LD_RUNPATH_SEARCH_PATHS = (
					"$(inherited)",
					"@executable_path/Frameworks",
					"@loader_path/Frameworks",
				);
				PRODUCT_BUNDLE_IDENTIFIER = com.just1factory.ReactorKitSampleSwiftUITests;
				PRODUCT_NAME = "$(TARGET_NAME)";
				SWIFT_VERSION = 4.0;
				TARGETED_DEVICE_FAMILY = "1,2";
				TEST_TARGET_NAME = ReactorKitSampleSwift;
			};
			name = Release;
		};
/* End XCBuildConfiguration section */

/* Begin XCConfigurationList section */
		DE3BEE9520E4FE4F002A25FC /* Build configuration list for PBXProject "ReactorKitSampleSwift" */ = {
			isa = XCConfigurationList;
			buildConfigurations = (
				DE3BEEC020E4FE55002A25FC /* Debug */,
				DE3BEEC120E4FE55002A25FC /* Release */,
			);
			defaultConfigurationIsVisible = 0;
			defaultConfigurationName = Release;
		};
		DE3BEEC220E4FE55002A25FC /* Build configuration list for PBXNativeTarget "ReactorKitSampleSwift" */ = {
			isa = XCConfigurationList;
			buildConfigurations = (
				DE3BEEC320E4FE55002A25FC /* Debug */,
				DE3BEEC420E4FE55002A25FC /* Release */,
			);
			defaultConfigurationIsVisible = 0;
			defaultConfigurationName = Release;
		};
		DE3BEEC520E4FE55002A25FC /* Build configuration list for PBXNativeTarget "ReactorKitSampleSwiftTests" */ = {
			isa = XCConfigurationList;
			buildConfigurations = (
				DE3BEEC620E4FE55002A25FC /* Debug */,
				DE3BEEC720E4FE55002A25FC /* Release */,
			);
			defaultConfigurationIsVisible = 0;
			defaultConfigurationName = Release;
		};
		DE3BEEC820E4FE55002A25FC /* Build configuration list for PBXNativeTarget "ReactorKitSampleSwiftUITests" */ = {
			isa = XCConfigurationList;
			buildConfigurations = (
				DE3BEEC920E4FE55002A25FC /* Debug */,
				DE3BEECA20E4FE55002A25FC /* Release */,
			);
			defaultConfigurationIsVisible = 0;
			defaultConfigurationName = Release;
		};
/* End XCConfigurationList section */
	};
	rootObject = DE3BEE9220E4FE4F002A25FC /* Project object */;
}
